
Microsoft Visual Studio Solution File, Format Version 12.00
# Visual Studio 2013
VisualStudioVersion = 12.0.40629.0
MinimumVisualStudioVersion = 10.0.40219.1
Project("{FAE04EC0-301F-11D3-BF4B-00C04F79EFBC}") = "ProjetBobines", "ProjetBobines\ProjetBobines.csproj", "{F5B38AF1-C542-4339-9FC7-04CBADC785EE}"
EndProject
Project("{FAE04EC0-301F-11D3-BF4B-00C04F79EFBC}") = "ProjetBobines.Tests", "ProjetBobines.Tests\ProjetBobines.Tests.csproj", "{4DD086DF-074C-4ABC-98D5-CA59D1179CF7}"
EndProject
Project("{159641D6-6404-4A2A-AE62-294DE0FE8301}") = "ProjetBobinesETL", "ETL_Bobines\ProjetBobinesETL.dtproj", "{60279844-4760-4C25-857E-753A5957CE27}"
EndProject
Project("{FAE04EC0-301F-11D3-BF4B-00C04F79EFBC}") = "Documents", "Documents\Documents.csproj", "{F3BC3EDA-C907-455C-AD36-A39D74341484}"
EndProject
Project("{D2ABAB84-BF74-430A-B69E-9DC6D40DDA17}") = "ProjetBobinesPMD", "ProjetBobinesPMD\ProjetBobinesPMD.dwproj", "{65E57011-3B28-45F4-98A5-0241971715C0}"
EndProject
Project("{F14B399A-7131-4C87-9E4B-1186C45EF12D}") = "ProjetBobinesRapport", "ProjetBobinesRapport\ProjetBobinesRapport.rptproj", "{3AF33126-9E76-4EFC-8258-FA95DF8015D1}"
	ProjectSection(ProjectDependencies) = postProject
		{F5B38AF1-C542-4339-9FC7-04CBADC785EE} = {F5B38AF1-C542-4339-9FC7-04CBADC785EE}
	EndProjectSection
EndProject
Project("{FAE04EC0-301F-11D3-BF4B-00C04F79EFBC}") = "ProjetBobinesWebApi", "ProjetBobinesWebApi\ProjetBobinesWebApi.csproj", "{73B7512E-CA41-4AA0-850B-05DFE36536B6}"
EndProject
Project("{FAE04EC0-301F-11D3-BF4B-00C04F79EFBC}") = "ProjetBobinesWebApi.Tests", "ProjetBobinesWebApi.Tests\ProjetBobinesWebApi.Tests.csproj", "{94A2D661-7455-4861-AA01-82A8E9D5CD53}"
EndProject
Project("{FAE04EC0-301F-11D3-BF4B-00C04F79EFBC}") = "ProjetBobinesAndroid", "ProjetBobinesAndroid\ProjetBobinesAndroid.csproj", "{DC7E8EA0-DF0C-444C-B9AE-DD3326002668}"
EndProject
Global
	GlobalSection(SolutionConfigurationPlatforms) = preSolution
		Debug|Any CPU = Debug|Any CPU
		Debug|Mixed Platforms = Debug|Mixed Platforms
		Debug|Win32 = Debug|Win32
		DebugLocal|Any CPU = DebugLocal|Any CPU
		DebugLocal|Mixed Platforms = DebugLocal|Mixed Platforms
		DebugLocal|Win32 = DebugLocal|Win32
		Development|Any CPU = Development|Any CPU
		Development|Mixed Platforms = Development|Mixed Platforms
		Development|Win32 = Development|Win32
		Release|Any CPU = Release|Any CPU
		Release|Mixed Platforms = Release|Mixed Platforms
		Release|Win32 = Release|Win32
	EndGlobalSection
	GlobalSection(ProjectConfigurationPlatforms) = postSolution
		{F5B38AF1-C542-4339-9FC7-04CBADC785EE}.Debug|Any CPU.ActiveCfg = Debug|Any CPU
		{F5B38AF1-C542-4339-9FC7-04CBADC785EE}.Debug|Any CPU.Build.0 = Debug|Any CPU
		{F5B38AF1-C542-4339-9FC7-04CBADC785EE}.Debug|Mixed Platforms.ActiveCfg = Debug|Any CPU
		{F5B38AF1-C542-4339-9FC7-04CBADC785EE}.Debug|Mixed Platforms.Build.0 = Debug|Any CPU
		{F5B38AF1-C542-4339-9FC7-04CBADC785EE}.Debug|Win32.ActiveCfg = Debug|Any CPU
		{F5B38AF1-C542-4339-9FC7-04CBADC785EE}.DebugLocal|Any CPU.ActiveCfg = Debug|Any CPU
		{F5B38AF1-C542-4339-9FC7-04CBADC785EE}.DebugLocal|Any CPU.Build.0 = Debug|Any CPU
		{F5B38AF1-C542-4339-9FC7-04CBADC785EE}.DebugLocal|Mixed Platforms.ActiveCfg = Debug|Any CPU
		{F5B38AF1-C542-4339-9FC7-04CBADC785EE}.DebugLocal|Mixed Platforms.Build.0 = Debug|Any CPU
		{F5B38AF1-C542-4339-9FC7-04CBADC785EE}.DebugLocal|Win32.ActiveCfg = Debug|Any CPU
		{F5B38AF1-C542-4339-9FC7-04CBADC785EE}.Development|Any CPU.ActiveCfg = Debug|Any CPU
		{F5B38AF1-C542-4339-9FC7-04CBADC785EE}.Development|Any CPU.Build.0 = Debug|Any CPU
		{F5B38AF1-C542-4339-9FC7-04CBADC785EE}.Development|Mixed Platforms.ActiveCfg = Debug|Any CPU
		{F5B38AF1-C542-4339-9FC7-04CBADC785EE}.Development|Mixed Platforms.Build.0 = Debug|Any CPU
		{F5B38AF1-C542-4339-9FC7-04CBADC785EE}.Development|Win32.ActiveCfg = Debug|Any CPU
		{F5B38AF1-C542-4339-9FC7-04CBADC785EE}.Release|Any CPU.ActiveCfg = Release|Any CPU
		{F5B38AF1-C542-4339-9FC7-04CBADC785EE}.Release|Any CPU.Build.0 = Release|Any CPU
		{F5B38AF1-C542-4339-9FC7-04CBADC785EE}.Release|Mixed Platforms.ActiveCfg = Release|Any CPU
		{F5B38AF1-C542-4339-9FC7-04CBADC785EE}.Release|Mixed Platforms.Build.0 = Release|Any CPU
		{F5B38AF1-C542-4339-9FC7-04CBADC785EE}.Release|Win32.ActiveCfg = Release|Any CPU
		{4DD086DF-074C-4ABC-98D5-CA59D1179CF7}.Debug|Any CPU.ActiveCfg = Debug|Any CPU
		{4DD086DF-074C-4ABC-98D5-CA59D1179CF7}.Debug|Any CPU.Build.0 = Debug|Any CPU
		{4DD086DF-074C-4ABC-98D5-CA59D1179CF7}.Debug|Mixed Platforms.ActiveCfg = Debug|Any CPU
		{4DD086DF-074C-4ABC-98D5-CA59D1179CF7}.Debug|Mixed Platforms.Build.0 = Debug|Any CPU
		{4DD086DF-074C-4ABC-98D5-CA59D1179CF7}.Debug|Win32.ActiveCfg = Debug|Any CPU
		{4DD086DF-074C-4ABC-98D5-CA59D1179CF7}.DebugLocal|Any CPU.ActiveCfg = Debug|Any CPU
		{4DD086DF-074C-4ABC-98D5-CA59D1179CF7}.DebugLocal|Any CPU.Build.0 = Debug|Any CPU
		{4DD086DF-074C-4ABC-98D5-CA59D1179CF7}.DebugLocal|Mixed Platforms.ActiveCfg = Debug|Any CPU
		{4DD086DF-074C-4ABC-98D5-CA59D1179CF7}.DebugLocal|Mixed Platforms.Build.0 = Debug|Any CPU
		{4DD086DF-074C-4ABC-98D5-CA59D1179CF7}.DebugLocal|Win32.ActiveCfg = Debug|Any CPU
		{4DD086DF-074C-4ABC-98D5-CA59D1179CF7}.Development|Any CPU.ActiveCfg = Debug|Any CPU
		{4DD086DF-074C-4ABC-98D5-CA59D1179CF7}.Development|Any CPU.Build.0 = Debug|Any CPU
		{4DD086DF-074C-4ABC-98D5-CA59D1179CF7}.Development|Mixed Platforms.ActiveCfg = Debug|Any CPU
		{4DD086DF-074C-4ABC-98D5-CA59D1179CF7}.Development|Mixed Platforms.Build.0 = Debug|Any CPU
		{4DD086DF-074C-4ABC-98D5-CA59D1179CF7}.Development|Win32.ActiveCfg = Debug|Any CPU
		{4DD086DF-074C-4ABC-98D5-CA59D1179CF7}.Release|Any CPU.ActiveCfg = Release|Any CPU
		{4DD086DF-074C-4ABC-98D5-CA59D1179CF7}.Release|Any CPU.Build.0 = Release|Any CPU
		{4DD086DF-074C-4ABC-98D5-CA59D1179CF7}.Release|Mixed Platforms.ActiveCfg = Release|Any CPU
		{4DD086DF-074C-4ABC-98D5-CA59D1179CF7}.Release|Mixed Platforms.Build.0 = Release|Any CPU
		{4DD086DF-074C-4ABC-98D5-CA59D1179CF7}.Release|Win32.ActiveCfg = Release|Any CPU
		{60279844-4760-4C25-857E-753A5957CE27}.Debug|Any CPU.ActiveCfg = Development
		{60279844-4760-4C25-857E-753A5957CE27}.Debug|Any CPU.Build.0 = Development
		{60279844-4760-4C25-857E-753A5957CE27}.Debug|Mixed Platforms.ActiveCfg = Development
		{60279844-4760-4C25-857E-753A5957CE27}.Debug|Mixed Platforms.Build.0 = Development
		{60279844-4760-4C25-857E-753A5957CE27}.Debug|Win32.ActiveCfg = Development
		{60279844-4760-4C25-857E-753A5957CE27}.Debug|Win32.Build.0 = Development
		{60279844-4760-4C25-857E-753A5957CE27}.DebugLocal|Any CPU.ActiveCfg = Development
		{60279844-4760-4C25-857E-753A5957CE27}.DebugLocal|Any CPU.Build.0 = Development
		{60279844-4760-4C25-857E-753A5957CE27}.DebugLocal|Mixed Platforms.ActiveCfg = Development
		{60279844-4760-4C25-857E-753A5957CE27}.DebugLocal|Mixed Platforms.Build.0 = Development
		{60279844-4760-4C25-857E-753A5957CE27}.DebugLocal|Win32.ActiveCfg = Development
		{60279844-4760-4C25-857E-753A5957CE27}.DebugLocal|Win32.Build.0 = Development
		{60279844-4760-4C25-857E-753A5957CE27}.Development|Any CPU.ActiveCfg = Development
		{60279844-4760-4C25-857E-753A5957CE27}.Development|Any CPU.Build.0 = Development
		{60279844-4760-4C25-857E-753A5957CE27}.Development|Mixed Platforms.ActiveCfg = Development
		{60279844-4760-4C25-857E-753A5957CE27}.Development|Mixed Platforms.Build.0 = Development
		{60279844-4760-4C25-857E-753A5957CE27}.Development|Win32.ActiveCfg = Development
		{60279844-4760-4C25-857E-753A5957CE27}.Development|Win32.Build.0 = Development
		{60279844-4760-4C25-857E-753A5957CE27}.Release|Any CPU.ActiveCfg = Development
		{60279844-4760-4C25-857E-753A5957CE27}.Release|Any CPU.Build.0 = Development
		{60279844-4760-4C25-857E-753A5957CE27}.Release|Mixed Platforms.ActiveCfg = Development
		{60279844-4760-4C25-857E-753A5957CE27}.Release|Mixed Platforms.Build.0 = Development
		{60279844-4760-4C25-857E-753A5957CE27}.Release|Win32.ActiveCfg = Development
		{60279844-4760-4C25-857E-753A5957CE27}.Release|Win32.Build.0 = Development
		{F3BC3EDA-C907-455C-AD36-A39D74341484}.Debug|Any CPU.ActiveCfg = Debug|Any CPU
		{F3BC3EDA-C907-455C-AD36-A39D74341484}.Debug|Any CPU.Build.0 = Debug|Any CPU
		{F3BC3EDA-C907-455C-AD36-A39D74341484}.Debug|Mixed Platforms.ActiveCfg = Debug|Any CPU
		{F3BC3EDA-C907-455C-AD36-A39D74341484}.Debug|Mixed Platforms.Build.0 = Debug|Any CPU
		{F3BC3EDA-C907-455C-AD36-A39D74341484}.Debug|Win32.ActiveCfg = Debug|Any CPU
		{F3BC3EDA-C907-455C-AD36-A39D74341484}.DebugLocal|Any CPU.ActiveCfg = Debug|Any CPU
		{F3BC3EDA-C907-455C-AD36-A39D74341484}.DebugLocal|Any CPU.Build.0 = Debug|Any CPU
		{F3BC3EDA-C907-455C-AD36-A39D74341484}.DebugLocal|Mixed Platforms.ActiveCfg = Debug|Any CPU
		{F3BC3EDA-C907-455C-AD36-A39D74341484}.DebugLocal|Mixed Platforms.Build.0 = Debug|Any CPU
		{F3BC3EDA-C907-455C-AD36-A39D74341484}.DebugLocal|Win32.ActiveCfg = Debug|Any CPU
		{F3BC3EDA-C907-455C-AD36-A39D74341484}.Development|Any CPU.ActiveCfg = Debug|Any CPU
		{F3BC3EDA-C907-455C-AD36-A39D74341484}.Development|Any CPU.Build.0 = Debug|Any CPU
		{F3BC3EDA-C907-455C-AD36-A39D74341484}.Development|Mixed Platforms.ActiveCfg = Debug|Any CPU
		{F3BC3EDA-C907-455C-AD36-A39D74341484}.Development|Mixed Platforms.Build.0 = Debug|Any CPU
		{F3BC3EDA-C907-455C-AD36-A39D74341484}.Development|Win32.ActiveCfg = Debug|Any CPU
		{F3BC3EDA-C907-455C-AD36-A39D74341484}.Release|Any CPU.ActiveCfg = Release|Any CPU
		{F3BC3EDA-C907-455C-AD36-A39D74341484}.Release|Any CPU.Build.0 = Release|Any CPU
		{F3BC3EDA-C907-455C-AD36-A39D74341484}.Release|Mixed Platforms.ActiveCfg = Release|Any CPU
		{F3BC3EDA-C907-455C-AD36-A39D74341484}.Release|Mixed Platforms.Build.0 = Release|Any CPU
		{F3BC3EDA-C907-455C-AD36-A39D74341484}.Release|Win32.ActiveCfg = Release|Any CPU
		{65E57011-3B28-45F4-98A5-0241971715C0}.Debug|Any CPU.ActiveCfg = Development
		{65E57011-3B28-45F4-98A5-0241971715C0}.Debug|Any CPU.Build.0 = Development
		{65E57011-3B28-45F4-98A5-0241971715C0}.Debug|Any CPU.Deploy.0 = Development
		{65E57011-3B28-45F4-98A5-0241971715C0}.Debug|Mixed Platforms.ActiveCfg = Development
		{65E57011-3B28-45F4-98A5-0241971715C0}.Debug|Mixed Platforms.Build.0 = Development
		{65E57011-3B28-45F4-98A5-0241971715C0}.Debug|Mixed Platforms.Deploy.0 = Development
		{65E57011-3B28-45F4-98A5-0241971715C0}.Debug|Win32.ActiveCfg = Development
		{65E57011-3B28-45F4-98A5-0241971715C0}.Debug|Win32.Build.0 = Development
		{65E57011-3B28-45F4-98A5-0241971715C0}.Debug|Win32.Deploy.0 = Development
		{65E57011-3B28-45F4-98A5-0241971715C0}.DebugLocal|Any CPU.ActiveCfg = Development
		{65E57011-3B28-45F4-98A5-0241971715C0}.DebugLocal|Any CPU.Build.0 = Development
		{65E57011-3B28-45F4-98A5-0241971715C0}.DebugLocal|Any CPU.Deploy.0 = Development
		{65E57011-3B28-45F4-98A5-0241971715C0}.DebugLocal|Mixed Platforms.ActiveCfg = Development
		{65E57011-3B28-45F4-98A5-0241971715C0}.DebugLocal|Mixed Platforms.Build.0 = Development
		{65E57011-3B28-45F4-98A5-0241971715C0}.DebugLocal|Mixed Platforms.Deploy.0 = Development
		{65E57011-3B28-45F4-98A5-0241971715C0}.DebugLocal|Win32.ActiveCfg = Development
		{65E57011-3B28-45F4-98A5-0241971715C0}.DebugLocal|Win32.Build.0 = Development
		{65E57011-3B28-45F4-98A5-0241971715C0}.DebugLocal|Win32.Deploy.0 = Development
		{65E57011-3B28-45F4-98A5-0241971715C0}.Development|Any CPU.ActiveCfg = Development
		{65E57011-3B28-45F4-98A5-0241971715C0}.Development|Any CPU.Build.0 = Development
		{65E57011-3B28-45F4-98A5-0241971715C0}.Development|Any CPU.Deploy.0 = Development
		{65E57011-3B28-45F4-98A5-0241971715C0}.Development|Mixed Platforms.ActiveCfg = Development
		{65E57011-3B28-45F4-98A5-0241971715C0}.Development|Mixed Platforms.Build.0 = Development
		{65E57011-3B28-45F4-98A5-0241971715C0}.Development|Mixed Platforms.Deploy.0 = Development
		{65E57011-3B28-45F4-98A5-0241971715C0}.Development|Win32.ActiveCfg = Development
		{65E57011-3B28-45F4-98A5-0241971715C0}.Development|Win32.Build.0 = Development
		{65E57011-3B28-45F4-98A5-0241971715C0}.Development|Win32.Deploy.0 = Development
		{65E57011-3B28-45F4-98A5-0241971715C0}.Release|Any CPU.ActiveCfg = Development
		{65E57011-3B28-45F4-98A5-0241971715C0}.Release|Any CPU.Build.0 = Development
		{65E57011-3B28-45F4-98A5-0241971715C0}.Release|Any CPU.Deploy.0 = Development
		{65E57011-3B28-45F4-98A5-0241971715C0}.Release|Mixed Platforms.ActiveCfg = Development
		{65E57011-3B28-45F4-98A5-0241971715C0}.Release|Mixed Platforms.Build.0 = Development
		{65E57011-3B28-45F4-98A5-0241971715C0}.Release|Mixed Platforms.Deploy.0 = Development
		{65E57011-3B28-45F4-98A5-0241971715C0}.Release|Win32.ActiveCfg = Development
		{65E57011-3B28-45F4-98A5-0241971715C0}.Release|Win32.Build.0 = Development
		{65E57011-3B28-45F4-98A5-0241971715C0}.Release|Win32.Deploy.0 = Development
		{3AF33126-9E76-4EFC-8258-FA95DF8015D1}.Debug|Any CPU.ActiveCfg = Debug
		{3AF33126-9E76-4EFC-8258-FA95DF8015D1}.Debug|Any CPU.Build.0 = Debug
		{3AF33126-9E76-4EFC-8258-FA95DF8015D1}.Debug|Any CPU.Deploy.0 = Debug
		{3AF33126-9E76-4EFC-8258-FA95DF8015D1}.Debug|Mixed Platforms.ActiveCfg = Debug
		{3AF33126-9E76-4EFC-8258-FA95DF8015D1}.Debug|Mixed Platforms.Build.0 = Debug
		{3AF33126-9E76-4EFC-8258-FA95DF8015D1}.Debug|Mixed Platforms.Deploy.0 = Debug
		{3AF33126-9E76-4EFC-8258-FA95DF8015D1}.Debug|Win32.ActiveCfg = Debug
		{3AF33126-9E76-4EFC-8258-FA95DF8015D1}.Debug|Win32.Build.0 = Debug
		{3AF33126-9E76-4EFC-8258-FA95DF8015D1}.Debug|Win32.Deploy.0 = Debug
		{3AF33126-9E76-4EFC-8258-FA95DF8015D1}.DebugLocal|Any CPU.ActiveCfg = DebugLocal
		{3AF33126-9E76-4EFC-8258-FA95DF8015D1}.DebugLocal|Any CPU.Build.0 = DebugLocal
		{3AF33126-9E76-4EFC-8258-FA95DF8015D1}.DebugLocal|Mixed Platforms.ActiveCfg = DebugLocal
		{3AF33126-9E76-4EFC-8258-FA95DF8015D1}.DebugLocal|Mixed Platforms.Build.0 = DebugLocal
		{3AF33126-9E76-4EFC-8258-FA95DF8015D1}.DebugLocal|Win32.ActiveCfg = DebugLocal
		{3AF33126-9E76-4EFC-8258-FA95DF8015D1}.DebugLocal|Win32.Build.0 = DebugLocal
		{3AF33126-9E76-4EFC-8258-FA95DF8015D1}.Development|Any CPU.ActiveCfg = DebugLocal
		{3AF33126-9E76-4EFC-8258-FA95DF8015D1}.Development|Any CPU.Build.0 = DebugLocal
		{3AF33126-9E76-4EFC-8258-FA95DF8015D1}.Development|Mixed Platforms.ActiveCfg = DebugLocal
		{3AF33126-9E76-4EFC-8258-FA95DF8015D1}.Development|Mixed Platforms.Build.0 = DebugLocal
		{3AF33126-9E76-4EFC-8258-FA95DF8015D1}.Development|Win32.ActiveCfg = DebugLocal
		{3AF33126-9E76-4EFC-8258-FA95DF8015D1}.Development|Win32.Build.0 = DebugLocal
		{3AF33126-9E76-4EFC-8258-FA95DF8015D1}.Release|Any CPU.ActiveCfg = Release
		{3AF33126-9E76-4EFC-8258-FA95DF8015D1}.Release|Any CPU.Build.0 = Release
		{3AF33126-9E76-4EFC-8258-FA95DF8015D1}.Release|Any CPU.Deploy.0 = Release
		{3AF33126-9E76-4EFC-8258-FA95DF8015D1}.Release|Mixed Platforms.ActiveCfg = Release
		{3AF33126-9E76-4EFC-8258-FA95DF8015D1}.Release|Mixed Platforms.Build.0 = Release
		{3AF33126-9E76-4EFC-8258-FA95DF8015D1}.Release|Mixed Platforms.Deploy.0 = Release
		{3AF33126-9E76-4EFC-8258-FA95DF8015D1}.Release|Win32.ActiveCfg = Release
		{3AF33126-9E76-4EFC-8258-FA95DF8015D1}.Release|Win32.Build.0 = Release
		{3AF33126-9E76-4EFC-8258-FA95DF8015D1}.Release|Win32.Deploy.0 = Release
		{73B7512E-CA41-4AA0-850B-05DFE36536B6}.Debug|Any CPU.ActiveCfg = Debug|Any CPU
		{73B7512E-CA41-4AA0-850B-05DFE36536B6}.Debug|Any CPU.Build.0 = Debug|Any CPU
		{73B7512E-CA41-4AA0-850B-05DFE36536B6}.Debug|Mixed Platforms.ActiveCfg = Debug|Any CPU
		{73B7512E-CA41-4AA0-850B-05DFE36536B6}.Debug|Mixed Platforms.Build.0 = Debug|Any CPU
		{73B7512E-CA41-4AA0-850B-05DFE36536B6}.Debug|Win32.ActiveCfg = Debug|Any CPU
		{73B7512E-CA41-4AA0-850B-05DFE36536B6}.DebugLocal|Any CPU.ActiveCfg = Debug|Any CPU
		{73B7512E-CA41-4AA0-850B-05DFE36536B6}.DebugLocal|Any CPU.Build.0 = Debug|Any CPU
		{73B7512E-CA41-4AA0-850B-05DFE36536B6}.DebugLocal|Mixed Platforms.ActiveCfg = Debug|Any CPU
		{73B7512E-CA41-4AA0-850B-05DFE36536B6}.DebugLocal|Mixed Platforms.Build.0 = Debug|Any CPU
		{73B7512E-CA41-4AA0-850B-05DFE36536B6}.DebugLocal|Win32.ActiveCfg = Debug|Any CPU
		{73B7512E-CA41-4AA0-850B-05DFE36536B6}.Development|Any CPU.ActiveCfg = Debug|Any CPU
		{73B7512E-CA41-4AA0-850B-05DFE36536B6}.Development|Any CPU.Build.0 = Debug|Any CPU
		{73B7512E-CA41-4AA0-850B-05DFE36536B6}.Development|Mixed Platforms.ActiveCfg = Debug|Any CPU
		{73B7512E-CA41-4AA0-850B-05DFE36536B6}.Development|Mixed Platforms.Build.0 = Debug|Any CPU
		{73B7512E-CA41-4AA0-850B-05DFE36536B6}.Development|Win32.ActiveCfg = Debug|Any CPU
		{73B7512E-CA41-4AA0-850B-05DFE36536B6}.Release|Any CPU.ActiveCfg = Release|Any CPU
		{73B7512E-CA41-4AA0-850B-05DFE36536B6}.Release|Any CPU.Build.0 = Release|Any CPU
		{73B7512E-CA41-4AA0-850B-05DFE36536B6}.Release|Mixed Platforms.ActiveCfg = Release|Any CPU
		{73B7512E-CA41-4AA0-850B-05DFE36536B6}.Release|Mixed Platforms.Build.0 = Release|Any CPU
		{73B7512E-CA41-4AA0-850B-05DFE36536B6}.Release|Win32.ActiveCfg = Release|Any CPU
		{94A2D661-7455-4861-AA01-82A8E9D5CD53}.Debug|Any CPU.ActiveCfg = Debug|Any CPU
		{94A2D661-7455-4861-AA01-82A8E9D5CD53}.Debug|Any CPU.Build.0 = Debug|Any CPU
		{94A2D661-7455-4861-AA01-82A8E9D5CD53}.Debug|Mixed Platforms.ActiveCfg = Debug|Any CPU
		{94A2D661-7455-4861-AA01-82A8E9D5CD53}.Debug|Mixed Platforms.Build.0 = Debug|Any CPU
		{94A2D661-7455-4861-AA01-82A8E9D5CD53}.Debug|Win32.ActiveCfg = Debug|Any CPU
		{94A2D661-7455-4861-AA01-82A8E9D5CD53}.DebugLocal|Any CPU.ActiveCfg = Debug|Any CPU
		{94A2D661-7455-4861-AA01-82A8E9D5CD53}.DebugLocal|Any CPU.Build.0 = Debug|Any CPU
		{94A2D661-7455-4861-AA01-82A8E9D5CD53}.DebugLocal|Mixed Platforms.ActiveCfg = Debug|Any CPU
		{94A2D661-7455-4861-AA01-82A8E9D5CD53}.DebugLocal|Mixed Platforms.Build.0 = Debug|Any CPU
		{94A2D661-7455-4861-AA01-82A8E9D5CD53}.DebugLocal|Win32.ActiveCfg = Debug|Any CPU
		{94A2D661-7455-4861-AA01-82A8E9D5CD53}.Development|Any CPU.ActiveCfg = Debug|Any CPU
		{94A2D661-7455-4861-AA01-82A8E9D5CD53}.Development|Any CPU.Build.0 = Debug|Any CPU
		{94A2D661-7455-4861-AA01-82A8E9D5CD53}.Development|Mixed Platforms.ActiveCfg = Debug|Any CPU
		{94A2D661-7455-4861-AA01-82A8E9D5CD53}.Development|Mixed Platforms.Build.0 = Debug|Any CPU
		{94A2D661-7455-4861-AA01-82A8E9D5CD53}.Development|Win32.ActiveCfg = Debug|Any CPU
		{94A2D661-7455-4861-AA01-82A8E9D5CD53}.Release|Any CPU.ActiveCfg = Release|Any CPU
		{94A2D661-7455-4861-AA01-82A8E9D5CD53}.Release|Any CPU.Build.0 = Release|Any CPU
		{94A2D661-7455-4861-AA01-82A8E9D5CD53}.Release|Mixed Platforms.ActiveCfg = Release|Any CPU
		{94A2D661-7455-4861-AA01-82A8E9D5CD53}.Release|Mixed Platforms.Build.0 = Release|Any CPU
		{94A2D661-7455-4861-AA01-82A8E9D5CD53}.Release|Win32.ActiveCfg = Release|Any CPU
		{DC7E8EA0-DF0C-444C-B9AE-DD3326002668}.Debug|Any CPU.ActiveCfg = Debug|Any CPU
		{DC7E8EA0-DF0C-444C-B9AE-DD3326002668}.Debug|Any CPU.Build.0 = Debug|Any CPU
		{DC7E8EA0-DF0C-444C-B9AE-DD3326002668}.Debug|Mixed Platforms.ActiveCfg = Debug|Any CPU
		{DC7E8EA0-DF0C-444C-B9AE-DD3326002668}.Debug|Mixed Platforms.Build.0 = Debug|Any CPU
		{DC7E8EA0-DF0C-444C-B9AE-DD3326002668}.Debug|Mixed Platforms.Deploy.0 = Debug|Any CPU
		{DC7E8EA0-DF0C-444C-B9AE-DD3326002668}.Debug|Win32.ActiveCfg = Debug|Any CPU
		{DC7E8EA0-DF0C-444C-B9AE-DD3326002668}.DebugLocal|Any CPU.ActiveCfg = Debug|Any CPU
		{DC7E8EA0-DF0C-444C-B9AE-DD3326002668}.DebugLocal|Any CPU.Build.0 = Debug|Any CPU
		{DC7E8EA0-DF0C-444C-B9AE-DD3326002668}.DebugLocal|Mixed Platforms.ActiveCfg = Debug|Any CPU
		{DC7E8EA0-DF0C-444C-B9AE-DD3326002668}.DebugLocal|Mixed Platforms.Build.0 = Debug|Any CPU
		{DC7E8EA0-DF0C-444C-B9AE-DD3326002668}.DebugLocal|Win32.ActiveCfg = Debug|Any CPU
		{DC7E8EA0-DF0C-444C-B9AE-DD3326002668}.Development|Any CPU.ActiveCfg = Debug|Any CPU
		{DC7E8EA0-DF0C-444C-B9AE-DD3326002668}.Development|Any CPU.Build.0 = Debug|Any CPU
		{DC7E8EA0-DF0C-444C-B9AE-DD3326002668}.Development|Mixed Platforms.ActiveCfg = Debug|Any CPU
		{DC7E8EA0-DF0C-444C-B9AE-DD3326002668}.Development|Mixed Platforms.Build.0 = Debug|Any CPU
		{DC7E8EA0-DF0C-444C-B9AE-DD3326002668}.Development|Win32.ActiveCfg = Debug|Any CPU
		{DC7E8EA0-DF0C-444C-B9AE-DD3326002668}.Release|Any CPU.ActiveCfg = Release|Any CPU
		{DC7E8EA0-DF0C-444C-B9AE-DD3326002668}.Release|Any CPU.Build.0 = Release|Any CPU
		{DC7E8EA0-DF0C-444C-B9AE-DD3326002668}.Release|Mixed Platforms.ActiveCfg = Release|Any CPU
		{DC7E8EA0-DF0C-444C-B9AE-DD3326002668}.Release|Mixed Platforms.Build.0 = Release|Any CPU
		{DC7E8EA0-DF0C-444C-B9AE-DD3326002668}.Release|Win32.ActiveCfg = Release|Any CPU
	EndGlobalSection
	GlobalSection(SolutionProperties) = preSolution
		HideSolutionNode = FALSE
	EndGlobalSection
EndGlobal
